
Microsoft Visual Studio Solution File, Format Version 12.00
# Visual Studio Version 16
VisualStudioVersion = 16.0.29424.173
MinimumVisualStudioVersion = 10.0.40219.1
Project("{FAE04EC0-301F-11D3-BF4B-00C04F79EFBC}") = "ViewCopied", "ViewCopied.csproj", "{10E40BD2-F89B-4768-8C48-9DF6E2AA31BA}"
EndProject
Global
	GlobalSection(SolutionConfigurationPlatforms) = preSolution
		Debug|Any CPU = Debug|Any CPU
		Release|Any CPU = Release|Any CPU
	EndGlobalSection
	GlobalSection(ProjectConfigurationPlatforms) = postSolution
		{10E40BD2-F89B-4768-8C48-9DF6E2AA31BA}.Debug|Any CPU.ActiveCfg = Debug|Any CPU
		{10E40BD2-F89B-4768-8C48-9DF6E2AA31BA}.Debug|Any CPU.Build.0 = Debug|Any CPU
		{10E40BD2-F89B-4768-8C48-9DF6E2AA31BA}.Release|Any CPU.ActiveCfg = Release|Any CPU
		{10E40BD2-F89B-4768-8C48-9DF6E2AA31BA}.Release|Any CPU.Build.0 = Release|Any CPU
	EndGlobalSection
	GlobalSection(SolutionProperties) = preSolution
		HideSolutionNode = FALSE
	EndGlobalSection
	GlobalSection(ExtensibilityGlobals) = postSolution
		SolutionGuid = {E21B56EA-BACF-4BD3-8FDF-A29087DFEE0E}
	EndGlobalSection
EndGlobal
